{
  "name": "folding-at-home-team-data-for-discord",
  "version": "1.0.0",
  "lockfileVersion": 1,
  "requires": true,
  "dependencies": {
    "node-wrap": {
      "version": "0.2.0",
      "resolved": "https://registry.npmjs.org/node-wrap/-/node-wrap-0.2.0.tgz",
      "integrity": "sha512-q5nI3nfk1fHEYRNkDiqP04s9GrvhmQ+RxH+a/wE21GXbl+hcphlDaxrtO7duiXM41ilxaw4MtcXoV4pzDWdXnQ=="
    }
  }
}
